// !$*UTF8*$!
{
	archiveVersion = 1;
	classes = {
	};
	objectVersion = 46;
	objects = {

/* Begin PBXBuildFile section */
		C75D3D5D1D3671B500B6F44B /* RCTImageSequenceView.m in Sources */ = {isa = PBXBuildFile; fileRef = C75D3D591D3671B500B6F44B /* RCTImageSequenceView.m */; };
		C75D3D5E1D3671B500B6F44B /* RCTImageSequenceManager.m in Sources */ = {isa = PBXBuildFile; fileRef = C75D3D5B1D3671B500B6F44B /* RCTImageSequenceManager.m */; };
/* End PBXBuildFile section */

/* Begin PBXCopyFilesBuildPhase section */
		C75D3D4B1D36714700B6F44B /* CopyFiles */ = {
			isa = PBXCopyFilesBuildPhase;
			buildActionMask = 2147483647;
			dstPath = "include/$(PRODUCT_NAME)";
			dstSubfolderSpec = 16;
			files = (
			);
			runOnlyForDeploymentPostprocessing = 0;
		};
/* End PBXCopyFilesBuildPhase section */

/* Begin PBXFileReference section */
		C75D3D4D1D36714700B6F44B /* libRCTImageSequence.a */ = {isa = PBXFileReference; explicitFileType = archive.ar; includeInIndex = 0; path = libRCTImageSequence.a; sourceTree = BUILT_PRODUCTS_DIR; };
		C75D3D591D3671B500B6F44B /* RCTImageSequenceView.m */ = {isa = PBXFileReference; fileEncoding = 4; lastKnownFileType = sourcecode.c.objc; path = RCTImageSequenceView.m; sourceTree = "<group>"; };
		C75D3D5A1D3671B500B6F44B /* RCTImageSequenceView.h */ = {isa = PBXFileReference; fileEncoding = 4; lastKnownFileType = sourcecode.c.h; path = RCTImageSequenceView.h; sourceTree = "<group>"; };
		C75D3D5B1D3671B500B6F44B /* RCTImageSequenceManager.m */ = {isa = PBXFileReference; fileEncoding = 4; lastKnownFileType = sourcecode.c.objc; path = RCTImageSequenceManager.m; sourceTree = "<group>"; };
		C75D3D5C1D3671B500B6F44B /* RCTImageSequenceManager.h */ = {isa = PBXFileReference; fileEncoding = 4; lastKnownFileType = sourcecode.c.h; path = RCTImageSequenceManager.h; sourceTree = "<group>"; };
/* End PBXFileReference section */

/* Begin PBXFrameworksBuildPhase section */
		C75D3D4A1D36714700B6F44B /* Frameworks */ = {
			isa = PBXFrameworksBuildPhase;
			buildActionMask = 2147483647;
			files = (
			);
			runOnlyForDeploymentPostprocessing = 0;
		};
/* End PBXFrameworksBuildPhase section */

/* Begin PBXGroup section */
		C75D3D441D36714700B6F44B = {
			isa = PBXGroup;
			children = (
				C75D3D4F1D36714700B6F44B /* RCTImageSequence */,
				C75D3D4E1D36714700B6F44B /* Products */,
			);
			sourceTree = "<group>";
		};
		C75D3D4E1D36714700B6F44B /* Products */ = {
			isa = PBXGroup;
			children = (
				C75D3D4D1D36714700B6F44B /* libRCTImageSequence.a */,
			);
			name = Products;
			sourceTree = "<group>";
		};
		C75D3D4F1D36714700B6F44B /* RCTImageSequence */ = {
			isa = PBXGroup;
			children = (
				C75D3D591D3671B500B6F44B /* RCTImageSequenceView.m */,
				C75D3D5A1D3671B500B6F44B /* RCTImageSequenceView.h */,
				C75D3D5B1D3671B500B6F44B /* RCTImageSequenceManager.m */,
				C75D3D5C1D3671B500B6F44B /* RCTImageSequenceManager.h */,
			);
			path = RCTImageSequence;
			sourceTree = "<group>";
		};
/* End PBXGroup section */

/* Begin PBXNativeTarget section */
		C75D3D4C1D36714700B6F44B /* RCTImageSequence */ = {
			isa = PBXNativeTarget;
			buildConfigurationList = C75D3D561D36714700B6F44B /* Build configuration list for PBXNativeTarget "RCTImageSequence" */;
			buildPhases = (
				C75D3D491D36714700B6F44B /* Sources */,
				C75D3D4A1D36714700B6F44B /* Frameworks */,
				C75D3D4B1D36714700B6F44B /* CopyFiles */,
			);
			buildRules = (
			);
			dependencies = (
			);
			name = RCTImageSequence;
			productName = RCTImageSequence;
			productReference = C75D3D4D1D36714700B6F44B /* libRCTImageSequence.a */;
			productType = "com.apple.product-type.library.static";
		};
/* End PBXNativeTarget section */

/* Begin PBXProject section */
		C75D3D451D36714700B6F44B /* Project object */ = {
			isa = PBXProject;
			attributes = {
				LastUpgradeCheck = 0730;
				ORGANIZATIONNAME = "Mads Lee Jensen";
				TargetAttributes = {
					C75D3D4C1D36714700B6F44B = {
						CreatedOnToolsVersion = 7.3.1;
					};
				};
			};
			buildConfigurationList = C75D3D481D36714700B6F44B /* Build configuration list for PBXProject "RCTImageSequence" */;
			compatibilityVersion = "Xcode 3.2";
			developmentRegion = English;
			hasScannedForEncodings = 0;
			knownRegions = (
				en,
			);
			mainGroup = C75D3D441D36714700B6F44B;
			productRefGroup = C75D3D4E1D36714700B6F44B /* Products */;
			projectDirPath = "";
			projectRoot = "";
			targets = (
				C75D3D4C1D36714700B6F44B /* RCTImageSequence */,
			);
		};
/* End PBXProject section */

/* Begin PBXSourcesBuildPhase section */
		C75D3D491D36714700B6F44B /* Sources */ = {
			isa = PBXSourcesBuildPhase;
			buildActionMask = 2147483647;
			files = (
				C75D3D5E1D3671B500B6F44B /* RCTImageSequenceManager.m in Sources */,
				C75D3D5D1D3671B500B6F44B /* RCTImageSequenceView.m in Sources */,
			);
			runOnlyForDeploymentPostprocessing = 0;
		};
/* End PBXSourcesBuildPhase section */

/* Begin XCBuildConfiguration section */
		C75D3D541D36714700B6F44B /* Debug */ = {
			isa = XCBuildConfiguration;
			buildSettings = {
				ALWAYS_SEARCH_USER_PATHS = NO;
				CLANG_ANALYZER_NONNULL = YES;
				CLANG_CXX_LANGUAGE_STANDARD = "gnu++0x";
				CLANG_CXX_LIBRARY = "libc++";
				CLANG_ENABLE_MODULES = YES;
				CLANG_ENABLE_OBJC_ARC = YES;
				CLANG_WARN_BOOL_CONVERSION = YES;
				CLANG_WARN_CONSTANT_CONVERSION = YES;
				CLANG_WARN_DIRECT_OBJC_ISA_USAGE = YES_ERROR;
				CLANG_WARN_EMPTY_BODY = YES;
				CLANG_WARN_ENUM_CONVERSION = YES;
				CLANG_WARN_INT_CONVERSION = YES;
				CLANG_WARN_OBJC_ROOT_CLASS = YES_ERROR;
				CLANG_WARN_UNREACHABLE_CODE = YES;
				CLANG_WARN__DUPLICATE_METHOD_MATCH = YES;
				"CODE_SIGN_IDENTITY[sdk=iphoneos*]" = "iPhone Developer";
				COPY_PHASE_STRIP = NO;
				DEBUG_INFORMATION_FORMAT = dwarf;
				ENABLE_STRICT_OBJC_MSGSEND = YES;
				ENABLE_TESTABILITY = YES;
				GCC_C_LANGUAGE_STANDARD = gnu99;
				GCC_DYNAMIC_NO_PIC = NO;
				GCC_NO_COMMON_BLOCKS = YES;
				GCC_OPTIMIZATION_LEVEL = 0;
				GCC_PREPROCESSOR_DEFINITIONS = (
					"DEBUG=1",
					"$(inherited)",
				);
				GCC_WARN_64_TO_32_BIT_CONVERSION = YES;
				GCC_WARN_ABOUT_RETURN_TYPE = YES_ERROR;
				GCC_WARN_UNDECLARED_SELECTOR = YES;
				GCC_WARN_UNINITIALIZED_AUTOS = YES_AGGRESSIVE;
				GCC_WARN_UNUSED_FUNCTION = YES;
				GCC_WARN_UNUSED_VARIABLE = YES;
				IPHONEOS_DEPLOYMENT_TARGET = 9.3;
				MTL_ENABLE_DEBUG_INFO = YES;
				ONLY_ACTIVE_ARCH = YES;
				SDKROOT = iphoneos;
			};
			name = Debug;
		};
		C75D3D551D36714700B6F44B /* Release */ = {
			isa = XCBuildConfiguration;
			buildSettings = {
				ALWAYS_SEARCH_USER_PATHS = NO;
				CLANG_ANALYZER_NONNULL = YES;
				CLANG_CXX_LANGUAGE_STANDARD = "gnu++0x";
				CLANG_CXX_LIBRARY = "libc++";
				CLANG_ENABLE_MODULES = YES;
				CLANG_ENABLE_OBJC_ARC = YES;
				CLANG_WARN_BOOL_CONVERSION = YES;
				CLANG_WARN_CONSTANT_CONVERSION = YES;
				CLANG_WARN_DIRECT_OBJC_ISA_USAGE = YES_ERROR;
				CLANG_WARN_EMPTY_BODY = YES;
				CLANG_WARN_ENUM_CONVERSION = YES;
				CLANG_WARN_INT_CONVERSION = YES;
				CLANG_WARN_OBJC_ROOT_CLASS = YES_ERROR;
				CLANG_WARN_UNREACHABLE_CODE = YES;
				CLANG_WARN__DUPLICATE_METHOD_MATCH = YES;
				"CODE_SIGN_IDENTITY[sdk=iphoneos*]" = "iPhone Developer";
				COPY_PHASE_STRIP = NO;
				DEBUG_INFORMATION_FORMAT = "dwarf-with-dsym";
				ENABLE_NS_ASSERTIONS = NO;
				ENABLE_STRICT_OBJC_MSGSEND = YES;
				GCC_C_LANGUAGE_STANDARD = gnu99;
				GCC_NO_COMMON_BLOCKS = YES;
				GCC_WARN_64_TO_32_BIT_CONVERSION = YES;
				GCC_WARN_ABOUT_RETURN_TYPE = YES_ERROR;
				GCC_WARN_UNDECLARED_SELECTOR = YES;
				GCC_WARN_UNINITIALIZED_AUTOS = YES_AGGRESSIVE;
				GCC_WARN_UNUSED_FUNCTION = YES;
				GCC_WARN_UNUSED_VARIABLE = YES;
				IPHONEOS_DEPLOYMENT_TARGET = 9.3;
				MTL_ENABLE_DEBUG_INFO = NO;
				SDKROOT = iphoneos;
				VALIDATE_PRODUCT = YES;
			};
			name = Release;
		};
		C75D3D571D36714700B6F44B /* Debug */ = {
			isa = XCBuildConfiguration;
			buildSettings = {
				HEADER_SEARCH_PATHS = "$(SRCROOT)/../../react-native/React/**";
				OTHER_LDFLAGS = "-ObjC";
				PRODUCT_NAME = "$(TARGET_NAME)";
				SKIP_INSTALL = YES;
			};
			name = Debug;
		};
		C75D3D581D36714700B6F44B /* Release */ = {
			isa = XCBuildConfiguration;
			buildSettings = {
				HEADER_SEARCH_PATHS = "$(SRCROOT)/../../react-native/React/**";
				OTHER_LDFLAGS = "-ObjC";
				PRODUCT_NAME = "$(TARGET_NAME)";
				SKIP_INSTALL = YES;
			};
			name = Release;
		};
/* End XCBuildConfiguration section */

/* Begin XCConfigurationList section */
		C75D3D481D36714700B6F44B /* Build configuration list for PBXProject "RCTImageSequence" */ = {
			isa = XCConfigurationList;
			buildConfigurations = (
				C75D3D541D36714700B6F44B /* Debug */,
				C75D3D551D36714700B6F44B /* Release */,
			);
			defaultConfigurationIsVisible = 0;
			defaultConfigurationName = Release;
		};
		C75D3D561D36714700B6F44B /* Build configuration list for PBXNativeTarget "RCTImageSequence" */ = {
			isa = XCConfigurationList;
			buildConfigurations = (
				C75D3D571D36714700B6F44B /* Debug */,
				C75D3D581D36714700B6F44B /* Release */,
			);
			defaultConfigurationIsVisible = 0;
			defaultConfigurationName = Release;
		};
/* End XCConfigurationList section */
	};
	rootObject = C75D3D451D36714700B6F44B /* Project object */;
}
